{
  "name": "chatbot",
  "lockfileVersion": 3,
  "requires": true,
  "packages": {
    "": {
      "dependencies": {
        "floating-label": "^2.0.0"
      }
    },
    "node_modules/floating-label": {
      "version": "2.0.0",
      "resolved": "https://registry.npmjs.org/floating-label/-/floating-label-2.0.0.tgz",
      "integrity": "sha512-C3xIaO74CnMoovSkCTA4kub27fSqpemJQJok+kZOsJbm5F84r6qHc/vwou6xX8fvWGFS2Xum3PmD3r9+ZckmIA==",
      "deprecated": "This package is no longer maintained"
    }
  }
}
